
Microsoft Visual Studio Solution File, Format Version 12.00
# Visual Studio Version 16
VisualStudioVersion = 16.0.32228.343
MinimumVisualStudioVersion = 10.0.40219.1
Project("{FAE04EC0-301F-11D3-BF4B-00C04F79EFBC}") = "Pensao", "Pensao\Pensao.csproj", "{9727C673-3DF1-4937-933F-DAC157BD5FC9}"
EndProject
Global
	GlobalSection(SolutionConfigurationPlatforms) = preSolution
		Debug|Any CPU = Debug|Any CPU
		Release|Any CPU = Release|Any CPU
	EndGlobalSection
	GlobalSection(ProjectConfigurationPlatforms) = postSolution
		{9727C673-3DF1-4937-933F-DAC157BD5FC9}.Debug|Any CPU.ActiveCfg = Debug|Any CPU
		{9727C673-3DF1-4937-933F-DAC157BD5FC9}.Debug|Any CPU.Build.0 = Debug|Any CPU
		{9727C673-3DF1-4937-933F-DAC157BD5FC9}.Release|Any CPU.ActiveCfg = Release|Any CPU
		{9727C673-3DF1-4937-933F-DAC157BD5FC9}.Release|Any CPU.Build.0 = Release|Any CPU
	EndGlobalSection
	GlobalSection(SolutionProperties) = preSolution
		HideSolutionNode = FALSE
	EndGlobalSection
	GlobalSection(ExtensibilityGlobals) = postSolution
		SolutionGuid = {0DA21DE0-D287-4501-914D-C860091851E3}
	EndGlobalSection
EndGlobal
