
Microsoft Visual Studio Solution File, Format Version 12.00
# Visual Studio Version 16
VisualStudioVersion = 16.0.32228.343
MinimumVisualStudioVersion = 10.0.40219.1
Project("{FAE04EC0-301F-11D3-BF4B-00C04F79EFBC}") = "Ex_Excecao", "Ex_Excecao\Ex_Excecao.csproj", "{CB8F13AA-6ED8-45B5-A72F-91F7F8366EB2}"
EndProject
Global
	GlobalSection(SolutionConfigurationPlatforms) = preSolution
		Debug|Any CPU = Debug|Any CPU
		Release|Any CPU = Release|Any CPU
	EndGlobalSection
	GlobalSection(ProjectConfigurationPlatforms) = postSolution
		{CB8F13AA-6ED8-45B5-A72F-91F7F8366EB2}.Debug|Any CPU.ActiveCfg = Debug|Any CPU
		{CB8F13AA-6ED8-45B5-A72F-91F7F8366EB2}.Debug|Any CPU.Build.0 = Debug|Any CPU
		{CB8F13AA-6ED8-45B5-A72F-91F7F8366EB2}.Release|Any CPU.ActiveCfg = Release|Any CPU
		{CB8F13AA-6ED8-45B5-A72F-91F7F8366EB2}.Release|Any CPU.Build.0 = Release|Any CPU
	EndGlobalSection
	GlobalSection(SolutionProperties) = preSolution
		HideSolutionNode = FALSE
	EndGlobalSection
	GlobalSection(ExtensibilityGlobals) = postSolution
		SolutionGuid = {673455E3-9787-4A84-BCE5-8E99B2554F0D}
	EndGlobalSection
EndGlobal
