
Microsoft Visual Studio Solution File, Format Version 12.00
# Visual Studio Version 16
VisualStudioVersion = 16.0.32106.194
MinimumVisualStudioVersion = 10.0.40219.1
Project("{FAE04EC0-301F-11D3-BF4B-00C04F79EFBC}") = "Estoque1", "Estoque1\Estoque1.csproj", "{D135458C-67F1-44C1-9217-5CC6F7E39D14}"
EndProject
Global
	GlobalSection(SolutionConfigurationPlatforms) = preSolution
		Debug|Any CPU = Debug|Any CPU
		Release|Any CPU = Release|Any CPU
	EndGlobalSection
	GlobalSection(ProjectConfigurationPlatforms) = postSolution
		{D135458C-67F1-44C1-9217-5CC6F7E39D14}.Debug|Any CPU.ActiveCfg = Debug|Any CPU
		{D135458C-67F1-44C1-9217-5CC6F7E39D14}.Debug|Any CPU.Build.0 = Debug|Any CPU
		{D135458C-67F1-44C1-9217-5CC6F7E39D14}.Release|Any CPU.ActiveCfg = Release|Any CPU
		{D135458C-67F1-44C1-9217-5CC6F7E39D14}.Release|Any CPU.Build.0 = Release|Any CPU
	EndGlobalSection
	GlobalSection(SolutionProperties) = preSolution
		HideSolutionNode = FALSE
	EndGlobalSection
	GlobalSection(ExtensibilityGlobals) = postSolution
		SolutionGuid = {D7FF2B95-6B34-4518-BD89-95AB462FF296}
	EndGlobalSection
EndGlobal
