
Microsoft Visual Studio Solution File, Format Version 12.00
# Visual Studio Version 16
VisualStudioVersion = 16.0.32228.343
MinimumVisualStudioVersion = 10.0.40219.1
Project("{FAE04EC0-301F-11D3-BF4B-00C04F79EFBC}") = "Ex1_Heranca", "Ex1_Heranca\Ex1_Heranca.csproj", "{65C4037E-90A9-4DAB-8CFC-4D2CD1CD30E5}"
EndProject
Global
	GlobalSection(SolutionConfigurationPlatforms) = preSolution
		Debug|Any CPU = Debug|Any CPU
		Release|Any CPU = Release|Any CPU
	EndGlobalSection
	GlobalSection(ProjectConfigurationPlatforms) = postSolution
		{65C4037E-90A9-4DAB-8CFC-4D2CD1CD30E5}.Debug|Any CPU.ActiveCfg = Debug|Any CPU
		{65C4037E-90A9-4DAB-8CFC-4D2CD1CD30E5}.Debug|Any CPU.Build.0 = Debug|Any CPU
		{65C4037E-90A9-4DAB-8CFC-4D2CD1CD30E5}.Release|Any CPU.ActiveCfg = Release|Any CPU
		{65C4037E-90A9-4DAB-8CFC-4D2CD1CD30E5}.Release|Any CPU.Build.0 = Release|Any CPU
	EndGlobalSection
	GlobalSection(SolutionProperties) = preSolution
		HideSolutionNode = FALSE
	EndGlobalSection
	GlobalSection(ExtensibilityGlobals) = postSolution
		SolutionGuid = {D33703C6-5349-4C4A-9436-C1379D02AB4F}
	EndGlobalSection
EndGlobal
